// !$*UTF8*$!
{
	archiveVersion = 1;
	classes = {
	};
	objectVersion = 55;
	objects = {

/* Begin PBXBuildFile section */
		020EC61928A42967001382B3 /* AppDelegate.swift in Sources */ = {isa = PBXBuildFile; fileRef = 020EC61828A42967001382B3 /* AppDelegate.swift */; };
		020EC61B28A42967001382B3 /* SceneDelegate.swift in Sources */ = {isa = PBXBuildFile; fileRef = 020EC61A28A42967001382B3 /* SceneDelegate.swift */; };
		020EC61D28A42967001382B3 /* MainViewController.swift in Sources */ = {isa = PBXBuildFile; fileRef = 020EC61C28A42967001382B3 /* MainViewController.swift */; };
		020EC62028A42967001382B3 /* Main.storyboard in Resources */ = {isa = PBXBuildFile; fileRef = 020EC61E28A42967001382B3 /* Main.storyboard */; };
		020EC62228A42967001382B3 /* Assets.xcassets in Resources */ = {isa = PBXBuildFile; fileRef = 020EC62128A42967001382B3 /* Assets.xcassets */; };
		020EC62528A42967001382B3 /* LaunchScreen.storyboard in Resources */ = {isa = PBXBuildFile; fileRef = 020EC62328A42967001382B3 /* LaunchScreen.storyboard */; };
		020EC63028A4FC3A001382B3 /* ArrayScreen.storyboard in Resources */ = {isa = PBXBuildFile; fileRef = 020EC62F28A4FC3A001382B3 /* ArrayScreen.storyboard */; };
		020EC63228A4FCA7001382B3 /* ArrayViewController.swift in Sources */ = {isa = PBXBuildFile; fileRef = 020EC63128A4FCA7001382B3 /* ArrayViewController.swift */; };
		020EC63528A51714001382B3 /* OperationCollectionViewCell.swift in Sources */ = {isa = PBXBuildFile; fileRef = 020EC63328A51714001382B3 /* OperationCollectionViewCell.swift */; };
		020EC63628A51714001382B3 /* OperationCollectionViewCell.xib in Resources */ = {isa = PBXBuildFile; fileRef = 020EC63428A51714001382B3 /* OperationCollectionViewCell.xib */; };
		020EC63828A5461D001382B3 /* ArrayProcessingModel.swift in Sources */ = {isa = PBXBuildFile; fileRef = 020EC63728A5461D001382B3 /* ArrayProcessingModel.swift */; };
		020EC63A28A5498E001382B3 /* Operation.swift in Sources */ = {isa = PBXBuildFile; fileRef = 020EC63928A5498E001382B3 /* Operation.swift */; };
		020EC64228A69237001382B3 /* ArrayProcessingModelUnitTests.swift in Sources */ = {isa = PBXBuildFile; fileRef = 020EC64128A69237001382B3 /* ArrayProcessingModelUnitTests.swift */; };
/* End PBXBuildFile section */

/* Begin PBXContainerItemProxy section */
		020EC64328A69237001382B3 /* PBXContainerItemProxy */ = {
			isa = PBXContainerItemProxy;
			containerPortal = 020EC60D28A42966001382B3 /* Project object */;
			proxyType = 1;
			remoteGlobalIDString = 020EC61428A42966001382B3;
			remoteInfo = Collections;
		};
/* End PBXContainerItemProxy section */

/* Begin PBXFileReference section */
		020EC61528A42966001382B3 /* Collections.app */ = {isa = PBXFileReference; explicitFileType = wrapper.application; includeInIndex = 0; path = Collections.app; sourceTree = BUILT_PRODUCTS_DIR; };
		020EC61828A42967001382B3 /* AppDelegate.swift */ = {isa = PBXFileReference; lastKnownFileType = sourcecode.swift; path = AppDelegate.swift; sourceTree = "<group>"; };
		020EC61A28A42967001382B3 /* SceneDelegate.swift */ = {isa = PBXFileReference; lastKnownFileType = sourcecode.swift; path = SceneDelegate.swift; sourceTree = "<group>"; };
		020EC61C28A42967001382B3 /* MainViewController.swift */ = {isa = PBXFileReference; lastKnownFileType = sourcecode.swift; path = MainViewController.swift; sourceTree = "<group>"; };
		020EC61F28A42967001382B3 /* Base */ = {isa = PBXFileReference; lastKnownFileType = file.storyboard; name = Base; path = Base.lproj/Main.storyboard; sourceTree = "<group>"; };
		020EC62128A42967001382B3 /* Assets.xcassets */ = {isa = PBXFileReference; lastKnownFileType = folder.assetcatalog; path = Assets.xcassets; sourceTree = "<group>"; };
		020EC62428A42967001382B3 /* Base */ = {isa = PBXFileReference; lastKnownFileType = file.storyboard; name = Base; path = Base.lproj/LaunchScreen.storyboard; sourceTree = "<group>"; };
		020EC62628A42967001382B3 /* Info.plist */ = {isa = PBXFileReference; lastKnownFileType = text.plist.xml; path = Info.plist; sourceTree = "<group>"; };
		020EC62F28A4FC3A001382B3 /* ArrayScreen.storyboard */ = {isa = PBXFileReference; lastKnownFileType = file.storyboard; path = ArrayScreen.storyboard; sourceTree = "<group>"; };
		020EC63128A4FCA7001382B3 /* ArrayViewController.swift */ = {isa = PBXFileReference; lastKnownFileType = sourcecode.swift; path = ArrayViewController.swift; sourceTree = "<group>"; };
		020EC63328A51714001382B3 /* OperationCollectionViewCell.swift */ = {isa = PBXFileReference; lastKnownFileType = sourcecode.swift; path = OperationCollectionViewCell.swift; sourceTree = "<group>"; };
		020EC63428A51714001382B3 /* OperationCollectionViewCell.xib */ = {isa = PBXFileReference; lastKnownFileType = file.xib; path = OperationCollectionViewCell.xib; sourceTree = "<group>"; };
		020EC63728A5461D001382B3 /* ArrayProcessingModel.swift */ = {isa = PBXFileReference; lastKnownFileType = sourcecode.swift; path = ArrayProcessingModel.swift; sourceTree = "<group>"; };
		020EC63928A5498E001382B3 /* Operation.swift */ = {isa = PBXFileReference; lastKnownFileType = sourcecode.swift; path = Operation.swift; sourceTree = "<group>"; };
		020EC63F28A69237001382B3 /* CollectionsUnitTests.xctest */ = {isa = PBXFileReference; explicitFileType = wrapper.cfbundle; includeInIndex = 0; path = CollectionsUnitTests.xctest; sourceTree = BUILT_PRODUCTS_DIR; };
		020EC64128A69237001382B3 /* ArrayProcessingModelUnitTests.swift */ = {isa = PBXFileReference; lastKnownFileType = sourcecode.swift; path = ArrayProcessingModelUnitTests.swift; sourceTree = "<group>"; };
/* End PBXFileReference section */

/* Begin PBXFrameworksBuildPhase section */
		020EC61228A42966001382B3 /* Frameworks */ = {
			isa = PBXFrameworksBuildPhase;
			buildActionMask = 2147483647;
			files = (
			);
			runOnlyForDeploymentPostprocessing = 0;
		};
		020EC63C28A69237001382B3 /* Frameworks */ = {
			isa = PBXFrameworksBuildPhase;
			buildActionMask = 2147483647;
			files = (
			);
			runOnlyForDeploymentPostprocessing = 0;
		};
/* End PBXFrameworksBuildPhase section */

/* Begin PBXGroup section */
		020EC60C28A42966001382B3 = {
			isa = PBXGroup;
			children = (
				020EC61728A42967001382B3 /* Collections */,
				020EC64028A69237001382B3 /* CollectionsUnitTests */,
				020EC61628A42966001382B3 /* Products */,
			);
			sourceTree = "<group>";
		};
		020EC61628A42966001382B3 /* Products */ = {
			isa = PBXGroup;
			children = (
				020EC61528A42966001382B3 /* Collections.app */,
				020EC63F28A69237001382B3 /* CollectionsUnitTests.xctest */,
			);
			name = Products;
			sourceTree = "<group>";
		};
		020EC61728A42967001382B3 /* Collections */ = {
			isa = PBXGroup;
			children = (
				020EC61828A42967001382B3 /* AppDelegate.swift */,
				020EC61A28A42967001382B3 /* SceneDelegate.swift */,
				020EC62C28A429AA001382B3 /* Models */,
				020EC62D28A429B2001382B3 /* Views */,
				020EC62E28A429BE001382B3 /* Controllers */,
				020EC62128A42967001382B3 /* Assets.xcassets */,
				020EC62628A42967001382B3 /* Info.plist */,
			);
			path = Collections;
			sourceTree = "<group>";
		};
		020EC62C28A429AA001382B3 /* Models */ = {
			isa = PBXGroup;
			children = (
				020EC63728A5461D001382B3 /* ArrayProcessingModel.swift */,
				020EC63928A5498E001382B3 /* Operation.swift */,
			);
			path = Models;
			sourceTree = "<group>";
		};
		020EC62D28A429B2001382B3 /* Views */ = {
			isa = PBXGroup;
			children = (
				020EC62328A42967001382B3 /* LaunchScreen.storyboard */,
				020EC61E28A42967001382B3 /* Main.storyboard */,
				020EC62F28A4FC3A001382B3 /* ArrayScreen.storyboard */,
				020EC63328A51714001382B3 /* OperationCollectionViewCell.swift */,
				020EC63428A51714001382B3 /* OperationCollectionViewCell.xib */,
			);
			path = Views;
			sourceTree = "<group>";
		};
		020EC62E28A429BE001382B3 /* Controllers */ = {
			isa = PBXGroup;
			children = (
				020EC61C28A42967001382B3 /* MainViewController.swift */,
				020EC63128A4FCA7001382B3 /* ArrayViewController.swift */,
			);
			path = Controllers;
			sourceTree = "<group>";
		};
		020EC64028A69237001382B3 /* CollectionsUnitTests */ = {
			isa = PBXGroup;
			children = (
				020EC64128A69237001382B3 /* ArrayProcessingModelUnitTests.swift */,
			);
			path = CollectionsUnitTests;
			sourceTree = "<group>";
		};
/* End PBXGroup section */

/* Begin PBXNativeTarget section */
		020EC61428A42966001382B3 /* Collections */ = {
			isa = PBXNativeTarget;
			buildConfigurationList = 020EC62928A42967001382B3 /* Build configuration list for PBXNativeTarget "Collections" */;
			buildPhases = (
				020EC61128A42966001382B3 /* Sources */,
				020EC61228A42966001382B3 /* Frameworks */,
				020EC61328A42966001382B3 /* Resources */,
			);
			buildRules = (
			);
			dependencies = (
			);
			name = Collections;
			productName = Collections;
			productReference = 020EC61528A42966001382B3 /* Collections.app */;
			productType = "com.apple.product-type.application";
		};
		020EC63E28A69237001382B3 /* CollectionsUnitTests */ = {
			isa = PBXNativeTarget;
			buildConfigurationList = 020EC64528A69237001382B3 /* Build configuration list for PBXNativeTarget "CollectionsUnitTests" */;
			buildPhases = (
				020EC63B28A69237001382B3 /* Sources */,
				020EC63C28A69237001382B3 /* Frameworks */,
				020EC63D28A69237001382B3 /* Resources */,
			);
			buildRules = (
			);
			dependencies = (
				020EC64428A69237001382B3 /* PBXTargetDependency */,
			);
			name = CollectionsUnitTests;
			productName = CollectionsUnitTests;
			productReference = 020EC63F28A69237001382B3 /* CollectionsUnitTests.xctest */;
			productType = "com.apple.product-type.bundle.unit-test";
		};
/* End PBXNativeTarget section */

/* Begin PBXProject section */
		020EC60D28A42966001382B3 /* Project object */ = {
			isa = PBXProject;
			attributes = {
				BuildIndependentTargetsInParallel = 1;
				LastSwiftUpdateCheck = 1340;
				LastUpgradeCheck = 1340;
				TargetAttributes = {
					020EC61428A42966001382B3 = {
						CreatedOnToolsVersion = 13.4.1;
					};
					020EC63E28A69237001382B3 = {
						CreatedOnToolsVersion = 13.4.1;
						TestTargetID = 020EC61428A42966001382B3;
					};
				};
			};
			buildConfigurationList = 020EC61028A42966001382B3 /* Build configuration list for PBXProject "Collections" */;
			compatibilityVersion = "Xcode 13.0";
			developmentRegion = en;
			hasScannedForEncodings = 0;
			knownRegions = (
				en,
				Base,
			);
			mainGroup = 020EC60C28A42966001382B3;
			productRefGroup = 020EC61628A42966001382B3 /* Products */;
			projectDirPath = "";
			projectRoot = "";
			targets = (
				020EC61428A42966001382B3 /* Collections */,
				020EC63E28A69237001382B3 /* CollectionsUnitTests */,
			);
		};
/* End PBXProject section */

/* Begin PBXResourcesBuildPhase section */
		020EC61328A42966001382B3 /* Resources */ = {
			isa = PBXResourcesBuildPhase;
			buildActionMask = 2147483647;
			files = (
				020EC63028A4FC3A001382B3 /* ArrayScreen.storyboard in Resources */,
				020EC63628A51714001382B3 /* OperationCollectionViewCell.xib in Resources */,
				020EC62528A42967001382B3 /* LaunchScreen.storyboard in Resources */,
				020EC62228A42967001382B3 /* Assets.xcassets in Resources */,
				020EC62028A42967001382B3 /* Main.storyboard in Resources */,
			);
			runOnlyForDeploymentPostprocessing = 0;
		};
		020EC63D28A69237001382B3 /* Resources */ = {
			isa = PBXResourcesBuildPhase;
			buildActionMask = 2147483647;
			files = (
			);
			runOnlyForDeploymentPostprocessing = 0;
		};
/* End PBXResourcesBuildPhase section */

/* Begin PBXSourcesBuildPhase section */
		020EC61128A42966001382B3 /* Sources */ = {
			isa = PBXSourcesBuildPhase;
			buildActionMask = 2147483647;
			files = (
				020EC63528A51714001382B3 /* OperationCollectionViewCell.swift in Sources */,
				020EC63A28A5498E001382B3 /* Operation.swift in Sources */,
				020EC61D28A42967001382B3 /* MainViewController.swift in Sources */,
				020EC61928A42967001382B3 /* AppDelegate.swift in Sources */,
				020EC63228A4FCA7001382B3 /* ArrayViewController.swift in Sources */,
				020EC63828A5461D001382B3 /* ArrayProcessingModel.swift in Sources */,
				020EC61B28A42967001382B3 /* SceneDelegate.swift in Sources */,
			);
			runOnlyForDeploymentPostprocessing = 0;
		};
		020EC63B28A69237001382B3 /* Sources */ = {
			isa = PBXSourcesBuildPhase;
			buildActionMask = 2147483647;
			files = (
				020EC64228A69237001382B3 /* ArrayProcessingModelUnitTests.swift in Sources */,
			);
			runOnlyForDeploymentPostprocessing = 0;
		};
/* End PBXSourcesBuildPhase section */

/* Begin PBXTargetDependency section */
		020EC64428A69237001382B3 /* PBXTargetDependency */ = {
			isa = PBXTargetDependency;
			target = 020EC61428A42966001382B3 /* Collections */;
			targetProxy = 020EC64328A69237001382B3 /* PBXContainerItemProxy */;
		};
/* End PBXTargetDependency section */

/* Begin PBXVariantGroup section */
		020EC61E28A42967001382B3 /* Main.storyboard */ = {
			isa = PBXVariantGroup;
			children = (
				020EC61F28A42967001382B3 /* Base */,
			);
			name = Main.storyboard;
			sourceTree = "<group>";
		};
		020EC62328A42967001382B3 /* LaunchScreen.storyboard */ = {
			isa = PBXVariantGroup;
			children = (
				020EC62428A42967001382B3 /* Base */,
			);
			name = LaunchScreen.storyboard;
			sourceTree = "<group>";
		};
/* End PBXVariantGroup section */

/* Begin XCBuildConfiguration section */
		020EC62728A42967001382B3 /* Debug */ = {
			isa = XCBuildConfiguration;
			buildSettings = {
				ALWAYS_SEARCH_USER_PATHS = NO;
				CLANG_ANALYZER_NONNULL = YES;
				CLANG_ANALYZER_NUMBER_OBJECT_CONVERSION = YES_AGGRESSIVE;
				CLANG_CXX_LANGUAGE_STANDARD = "gnu++17";
				CLANG_ENABLE_MODULES = YES;
				CLANG_ENABLE_OBJC_ARC = YES;
				CLANG_ENABLE_OBJC_WEAK = YES;
				CLANG_WARN_BLOCK_CAPTURE_AUTORELEASING = YES;
				CLANG_WARN_BOOL_CONVERSION = YES;
				CLANG_WARN_COMMA = YES;
				CLANG_WARN_CONSTANT_CONVERSION = YES;
				CLANG_WARN_DEPRECATED_OBJC_IMPLEMENTATIONS = YES;
				CLANG_WARN_DIRECT_OBJC_ISA_USAGE = YES_ERROR;
				CLANG_WARN_DOCUMENTATION_COMMENTS = YES;
				CLANG_WARN_EMPTY_BODY = YES;
				CLANG_WARN_ENUM_CONVERSION = YES;
				CLANG_WARN_INFINITE_RECURSION = YES;
				CLANG_WARN_INT_CONVERSION = YES;
				CLANG_WARN_NON_LITERAL_NULL_CONVERSION = YES;
				CLANG_WARN_OBJC_IMPLICIT_RETAIN_SELF = YES;
				CLANG_WARN_OBJC_LITERAL_CONVERSION = YES;
				CLANG_WARN_OBJC_ROOT_CLASS = YES_ERROR;
				CLANG_WARN_QUOTED_INCLUDE_IN_FRAMEWORK_HEADER = YES;
				CLANG_WARN_RANGE_LOOP_ANALYSIS = YES;
				CLANG_WARN_STRICT_PROTOTYPES = YES;
				CLANG_WARN_SUSPICIOUS_MOVE = YES;
				CLANG_WARN_UNGUARDED_AVAILABILITY = YES_AGGRESSIVE;
				CLANG_WARN_UNREACHABLE_CODE = YES;
				CLANG_WARN__DUPLICATE_METHOD_MATCH = YES;
				COPY_PHASE_STRIP = NO;
				DEBUG_INFORMATION_FORMAT = dwarf;
				ENABLE_STRICT_OBJC_MSGSEND = YES;
				ENABLE_TESTABILITY = YES;
				GCC_C_LANGUAGE_STANDARD = gnu11;
				GCC_DYNAMIC_NO_PIC = NO;
				GCC_NO_COMMON_BLOCKS = YES;
				GCC_OPTIMIZATION_LEVEL = 0;
				GCC_PREPROCESSOR_DEFINITIONS = (
					"DEBUG=1",
					"$(inherited)",
				);
				GCC_WARN_64_TO_32_BIT_CONVERSION = YES;
				GCC_WARN_ABOUT_RETURN_TYPE = YES_ERROR;
				GCC_WARN_UNDECLARED_SELECTOR = YES;
				GCC_WARN_UNINITIALIZED_AUTOS = YES_AGGRESSIVE;
				GCC_WARN_UNUSED_FUNCTION = YES;
				GCC_WARN_UNUSED_VARIABLE = YES;
				IPHONEOS_DEPLOYMENT_TARGET = 15.5;
				MTL_ENABLE_DEBUG_INFO = INCLUDE_SOURCE;
				MTL_FAST_MATH = YES;
				ONLY_ACTIVE_ARCH = YES;
				SDKROOT = iphoneos;
				SWIFT_ACTIVE_COMPILATION_CONDITIONS = DEBUG;
				SWIFT_OPTIMIZATION_LEVEL = "-Onone";
			};
			name = Debug;
		};
		020EC62828A42967001382B3 /* Release */ = {
			isa = XCBuildConfiguration;
			buildSettings = {
				ALWAYS_SEARCH_USER_PATHS = NO;
				CLANG_ANALYZER_NONNULL = YES;
				CLANG_ANALYZER_NUMBER_OBJECT_CONVERSION = YES_AGGRESSIVE;
				CLANG_CXX_LANGUAGE_STANDARD = "gnu++17";
				CLANG_ENABLE_MODULES = YES;
				CLANG_ENABLE_OBJC_ARC = YES;
				CLANG_ENABLE_OBJC_WEAK = YES;
				CLANG_WARN_BLOCK_CAPTURE_AUTORELEASING = YES;
				CLANG_WARN_BOOL_CONVERSION = YES;
				CLANG_WARN_COMMA = YES;
				CLANG_WARN_CONSTANT_CONVERSION = YES;
				CLANG_WARN_DEPRECATED_OBJC_IMPLEMENTATIONS = YES;
				CLANG_WARN_DIRECT_OBJC_ISA_USAGE = YES_ERROR;
				CLANG_WARN_DOCUMENTATION_COMMENTS = YES;
				CLANG_WARN_EMPTY_BODY = YES;
				CLANG_WARN_ENUM_CONVERSION = YES;
				CLANG_WARN_INFINITE_RECURSION = YES;
				CLANG_WARN_INT_CONVERSION = YES;
				CLANG_WARN_NON_LITERAL_NULL_CONVERSION = YES;
				CLANG_WARN_OBJC_IMPLICIT_RETAIN_SELF = YES;
				CLANG_WARN_OBJC_LITERAL_CONVERSION = YES;
				CLANG_WARN_OBJC_ROOT_CLASS = YES_ERROR;
				CLANG_WARN_QUOTED_INCLUDE_IN_FRAMEWORK_HEADER = YES;
				CLANG_WARN_RANGE_LOOP_ANALYSIS = YES;
				CLANG_WARN_STRICT_PROTOTYPES = YES;
				CLANG_WARN_SUSPICIOUS_MOVE = YES;
				CLANG_WARN_UNGUARDED_AVAILABILITY = YES_AGGRESSIVE;
				CLANG_WARN_UNREACHABLE_CODE = YES;
				CLANG_WARN__DUPLICATE_METHOD_MATCH = YES;
				COPY_PHASE_STRIP = NO;
				DEBUG_INFORMATION_FORMAT = "dwarf-with-dsym";
				ENABLE_NS_ASSERTIONS = NO;
				ENABLE_STRICT_OBJC_MSGSEND = YES;
				GCC_C_LANGUAGE_STANDARD = gnu11;
				GCC_NO_COMMON_BLOCKS = YES;
				GCC_WARN_64_TO_32_BIT_CONVERSION = YES;
				GCC_WARN_ABOUT_RETURN_TYPE = YES_ERROR;
				GCC_WARN_UNDECLARED_SELECTOR = YES;
				GCC_WARN_UNINITIALIZED_AUTOS = YES_AGGRESSIVE;
				GCC_WARN_UNUSED_FUNCTION = YES;
				GCC_WARN_UNUSED_VARIABLE = YES;
				IPHONEOS_DEPLOYMENT_TARGET = 15.5;
				MTL_ENABLE_DEBUG_INFO = NO;
				MTL_FAST_MATH = YES;
				SDKROOT = iphoneos;
				SWIFT_COMPILATION_MODE = wholemodule;
				SWIFT_OPTIMIZATION_LEVEL = "-O";
				VALIDATE_PRODUCT = YES;
			};
			name = Release;
		};
		020EC62A28A42967001382B3 /* Debug */ = {
			isa = XCBuildConfiguration;
			buildSettings = {
				ASSETCATALOG_COMPILER_APPICON_NAME = AppIcon;
				ASSETCATALOG_COMPILER_GLOBAL_ACCENT_COLOR_NAME = AccentColor;
				CODE_SIGN_STYLE = Automatic;
				CURRENT_PROJECT_VERSION = 1;
				DEVELOPMENT_TEAM = 82896UQ72B;
				GENERATE_INFOPLIST_FILE = YES;
				INFOPLIST_FILE = Collections/Info.plist;
				INFOPLIST_KEY_UIApplicationSupportsIndirectInputEvents = YES;
				INFOPLIST_KEY_UILaunchStoryboardName = LaunchScreen;
				INFOPLIST_KEY_UIMainStoryboardFile = Main;
				INFOPLIST_KEY_UISupportedInterfaceOrientations_iPad = "UIInterfaceOrientationPortrait UIInterfaceOrientationPortraitUpsideDown UIInterfaceOrientationLandscapeLeft UIInterfaceOrientationLandscapeRight";
				INFOPLIST_KEY_UISupportedInterfaceOrientations_iPhone = "UIInterfaceOrientationPortrait UIInterfaceOrientationLandscapeLeft UIInterfaceOrientationLandscapeRight";
				LD_RUNPATH_SEARCH_PATHS = (
					"$(inherited)",
					"@executable_path/Frameworks",
				);
				MARKETING_VERSION = 1.0;
				PRODUCT_BUNDLE_IDENTIFIER = com.dmytroivanchuk1998.Collections;
				PRODUCT_NAME = "$(TARGET_NAME)";
				SWIFT_EMIT_LOC_STRINGS = YES;
				SWIFT_VERSION = 5.0;
				TARGETED_DEVICE_FAMILY = "1,2";
			};
			name = Debug;
		};
		020EC62B28A42967001382B3 /* Release */ = {
			isa = XCBuildConfiguration;
			buildSettings = {
				ASSETCATALOG_COMPILER_APPICON_NAME = AppIcon;
				ASSETCATALOG_COMPILER_GLOBAL_ACCENT_COLOR_NAME = AccentColor;
				CODE_SIGN_STYLE = Automatic;
				CURRENT_PROJECT_VERSION = 1;
				DEVELOPMENT_TEAM = 82896UQ72B;
				GENERATE_INFOPLIST_FILE = YES;
				INFOPLIST_FILE = Collections/Info.plist;
				INFOPLIST_KEY_UIApplicationSupportsIndirectInputEvents = YES;
				INFOPLIST_KEY_UILaunchStoryboardName = LaunchScreen;
				INFOPLIST_KEY_UIMainStoryboardFile = Main;
				INFOPLIST_KEY_UISupportedInterfaceOrientations_iPad = "UIInterfaceOrientationPortrait UIInterfaceOrientationPortraitUpsideDown UIInterfaceOrientationLandscapeLeft UIInterfaceOrientationLandscapeRight";
				INFOPLIST_KEY_UISupportedInterfaceOrientations_iPhone = "UIInterfaceOrientationPortrait UIInterfaceOrientationLandscapeLeft UIInterfaceOrientationLandscapeRight";
				LD_RUNPATH_SEARCH_PATHS = (
					"$(inherited)",
					"@executable_path/Frameworks",
				);
				MARKETING_VERSION = 1.0;
				PRODUCT_BUNDLE_IDENTIFIER = com.dmytroivanchuk1998.Collections;
				PRODUCT_NAME = "$(TARGET_NAME)";
				SWIFT_EMIT_LOC_STRINGS = YES;
				SWIFT_VERSION = 5.0;
				TARGETED_DEVICE_FAMILY = "1,2";
			};
			name = Release;
		};
		020EC64628A69237001382B3 /* Debug */ = {
			isa = XCBuildConfiguration;
			buildSettings = {
				BUNDLE_LOADER = "$(TEST_HOST)";
				CODE_SIGN_STYLE = Automatic;
				CURRENT_PROJECT_VERSION = 1;
				DEVELOPMENT_TEAM = 82896UQ72B;
				GENERATE_INFOPLIST_FILE = YES;
				MARKETING_VERSION = 1.0;
				PRODUCT_BUNDLE_IDENTIFIER = com.dmytroivanchuk1998.CollectionsUnitTests;
				PRODUCT_NAME = "$(TARGET_NAME)";
				SWIFT_EMIT_LOC_STRINGS = NO;
				SWIFT_VERSION = 5.0;
				TARGETED_DEVICE_FAMILY = "1,2";
				TEST_HOST = "$(BUILT_PRODUCTS_DIR)/Collections.app/Collections";
			};
			name = Debug;
		};
		020EC64728A69237001382B3 /* Release */ = {
			isa = XCBuildConfiguration;
			buildSettings = {
				BUNDLE_LOADER = "$(TEST_HOST)";
				CODE_SIGN_STYLE = Automatic;
				CURRENT_PROJECT_VERSION = 1;
				DEVELOPMENT_TEAM = 82896UQ72B;
				GENERATE_INFOPLIST_FILE = YES;
				MARKETING_VERSION = 1.0;
				PRODUCT_BUNDLE_IDENTIFIER = com.dmytroivanchuk1998.CollectionsUnitTests;
				PRODUCT_NAME = "$(TARGET_NAME)";
				SWIFT_EMIT_LOC_STRINGS = NO;
				SWIFT_VERSION = 5.0;
				TARGETED_DEVICE_FAMILY = "1,2";
				TEST_HOST = "$(BUILT_PRODUCTS_DIR)/Collections.app/Collections";
			};
			name = Release;
		};
/* End XCBuildConfiguration section */

/* Begin XCConfigurationList section */
		020EC61028A42966001382B3 /* Build configuration list for PBXProject "Collections" */ = {
			isa = XCConfigurationList;
			buildConfigurations = (
				020EC62728A42967001382B3 /* Debug */,
				020EC62828A42967001382B3 /* Release */,
			);
			defaultConfigurationIsVisible = 0;
			defaultConfigurationName = Release;
		};
		020EC62928A42967001382B3 /* Build configuration list for PBXNativeTarget "Collections" */ = {
			isa = XCConfigurationList;
			buildConfigurations = (
				020EC62A28A42967001382B3 /* Debug */,
				020EC62B28A42967001382B3 /* Release */,
			);
			defaultConfigurationIsVisible = 0;
			defaultConfigurationName = Release;
		};
		020EC64528A69237001382B3 /* Build configuration list for PBXNativeTarget "CollectionsUnitTests" */ = {
			isa = XCConfigurationList;
			buildConfigurations = (
				020EC64628A69237001382B3 /* Debug */,
				020EC64728A69237001382B3 /* Release */,
			);
			defaultConfigurationIsVisible = 0;
			defaultConfigurationName = Release;
		};
/* End XCConfigurationList section */
	};
	rootObject = 020EC60D28A42966001382B3 /* Project object */;
}
